
Microsoft Visual Studio Solution File, Format Version 12.00
# Visual Studio Version 16
VisualStudioVersion = 16.0.28803.156
MinimumVisualStudioVersion = 10.0.40219.1
Project("{9A19103F-16F7-4668-BE54-9A1E7A4F7556}") = "LanguageExtensions.Functional", "LanguageExtensions.Functional\LanguageExtensions.Functional.csproj", "{2431ADDA-0652-427E-9470-3B32E9638BDD}"
EndProject
Global
	GlobalSection(SolutionConfigurationPlatforms) = preSolution
		Debug|Any CPU = Debug|Any CPU
		Release|Any CPU = Release|Any CPU
	EndGlobalSection
	GlobalSection(ProjectConfigurationPlatforms) = postSolution
		{2431ADDA-0652-427E-9470-3B32E9638BDD}.Debug|Any CPU.ActiveCfg = Debug|Any CPU
		{2431ADDA-0652-427E-9470-3B32E9638BDD}.Debug|Any CPU.Build.0 = Debug|Any CPU
		{2431ADDA-0652-427E-9470-3B32E9638BDD}.Release|Any CPU.ActiveCfg = Release|Any CPU
		{2431ADDA-0652-427E-9470-3B32E9638BDD}.Release|Any CPU.Build.0 = Release|Any CPU
	EndGlobalSection
	GlobalSection(SolutionProperties) = preSolution
		HideSolutionNode = FALSE
	EndGlobalSection
	GlobalSection(ExtensibilityGlobals) = postSolution
		SolutionGuid = {086E448E-F92D-4999-B733-AF1B76E2ABD1}
	EndGlobalSection
EndGlobal
