
Microsoft Visual Studio Solution File, Format Version 12.00
# Visual Studio Version 16
VisualStudioVersion = 16.0.28803.156
MinimumVisualStudioVersion = 10.0.40219.1
Project("{9A19103F-16F7-4668-BE54-9A1E7A4F7556}") = "LanguageExtensions.Specifications", "LanguageExtensions.Specifications\LanguageExtensions.Specifications.csproj", "{E6637F7F-7F8F-49F7-823B-97BA0F0A255F}"
EndProject
Project("{FAE04EC0-301F-11D3-BF4B-00C04F79EFBC}") = "LanguageExtensions.Specifications.Tests", "LanguageExtensions.Specifications.Tests\LanguageExtensions.Specifications.Tests.csproj", "{2E070E28-3F1D-4AC7-8883-822D6BF84265}"
EndProject
Global
	GlobalSection(SolutionConfigurationPlatforms) = preSolution
		Debug|Any CPU = Debug|Any CPU
		Release|Any CPU = Release|Any CPU
	EndGlobalSection
	GlobalSection(ProjectConfigurationPlatforms) = postSolution
		{E6637F7F-7F8F-49F7-823B-97BA0F0A255F}.Debug|Any CPU.ActiveCfg = Debug|Any CPU
		{E6637F7F-7F8F-49F7-823B-97BA0F0A255F}.Debug|Any CPU.Build.0 = Debug|Any CPU
		{E6637F7F-7F8F-49F7-823B-97BA0F0A255F}.Release|Any CPU.ActiveCfg = Release|Any CPU
		{E6637F7F-7F8F-49F7-823B-97BA0F0A255F}.Release|Any CPU.Build.0 = Release|Any CPU
		{2E070E28-3F1D-4AC7-8883-822D6BF84265}.Debug|Any CPU.ActiveCfg = Debug|Any CPU
		{2E070E28-3F1D-4AC7-8883-822D6BF84265}.Debug|Any CPU.Build.0 = Debug|Any CPU
		{2E070E28-3F1D-4AC7-8883-822D6BF84265}.Release|Any CPU.ActiveCfg = Release|Any CPU
		{2E070E28-3F1D-4AC7-8883-822D6BF84265}.Release|Any CPU.Build.0 = Release|Any CPU
	EndGlobalSection
	GlobalSection(SolutionProperties) = preSolution
		HideSolutionNode = FALSE
	EndGlobalSection
	GlobalSection(ExtensibilityGlobals) = postSolution
		SolutionGuid = {8B0086AC-439B-428D-A4C6-12C3743A6F2D}
	EndGlobalSection
EndGlobal
